// !$*UTF8*$!
{
	archiveVersion = 1;
	classes = {
	};
	objectVersion = 56;
	objects = {

/* Begin PBXBuildFile section */
		207E89342A3FFCEC00A11F04 /* Fetch_ChefApp.swift in Sources */ = {isa = PBXBuildFile; fileRef = 207E89332A3FFCEC00A11F04 /* Fetch_ChefApp.swift */; };
		207E89362A3FFCEC00A11F04 /* ContentView.swift in Sources */ = {isa = PBXBuildFile; fileRef = 207E89352A3FFCEC00A11F04 /* ContentView.swift */; };
		207E89382A3FFCEE00A11F04 /* Assets.xcassets in Resources */ = {isa = PBXBuildFile; fileRef = 207E89372A3FFCEE00A11F04 /* Assets.xcassets */; };
		207E89452A3FFCEE00A11F04 /* Fetch_ChefTests.swift in Sources */ = {isa = PBXBuildFile; fileRef = 207E89442A3FFCEE00A11F04 /* Fetch_ChefTests.swift */; };
		207E894F2A3FFCEE00A11F04 /* Fetch_ChefUITests.swift in Sources */ = {isa = PBXBuildFile; fileRef = 207E894E2A3FFCEE00A11F04 /* Fetch_ChefUITests.swift */; };
		207E89512A3FFCEE00A11F04 /* Fetch_ChefUITestsLaunchTests.swift in Sources */ = {isa = PBXBuildFile; fileRef = 207E89502A3FFCEE00A11F04 /* Fetch_ChefUITestsLaunchTests.swift */; };
		207E89682A400B8700A11F04 /* ModelMeal.swift in Sources */ = {isa = PBXBuildFile; fileRef = 207E89672A400B8700A11F04 /* ModelMeal.swift */; };
/* End PBXBuildFile section */

/* Begin PBXContainerItemProxy section */
		207E89412A3FFCEE00A11F04 /* PBXContainerItemProxy */ = {
			isa = PBXContainerItemProxy;
			containerPortal = 207E89282A3FFCEB00A11F04 /* Project object */;
			proxyType = 1;
			remoteGlobalIDString = 207E892F2A3FFCEC00A11F04;
			remoteInfo = "Fetch Chef";
		};
		207E894B2A3FFCEE00A11F04 /* PBXContainerItemProxy */ = {
			isa = PBXContainerItemProxy;
			containerPortal = 207E89282A3FFCEB00A11F04 /* Project object */;
			proxyType = 1;
			remoteGlobalIDString = 207E892F2A3FFCEC00A11F04;
			remoteInfo = "Fetch Chef";
		};
/* End PBXContainerItemProxy section */

/* Begin PBXFileReference section */
		207E89302A3FFCEC00A11F04 /* Fetch Chef.app */ = {isa = PBXFileReference; explicitFileType = wrapper.application; includeInIndex = 0; path = "Fetch Chef.app"; sourceTree = BUILT_PRODUCTS_DIR; };
		207E89332A3FFCEC00A11F04 /* Fetch_ChefApp.swift */ = {isa = PBXFileReference; lastKnownFileType = sourcecode.swift; path = Fetch_ChefApp.swift; sourceTree = "<group>"; };
		207E89352A3FFCEC00A11F04 /* ContentView.swift */ = {isa = PBXFileReference; lastKnownFileType = sourcecode.swift; path = ContentView.swift; sourceTree = "<group>"; };
		207E89372A3FFCEE00A11F04 /* Assets.xcassets */ = {isa = PBXFileReference; lastKnownFileType = folder.assetcatalog; path = Assets.xcassets; sourceTree = "<group>"; };
		207E89402A3FFCEE00A11F04 /* Fetch ChefTests.xctest */ = {isa = PBXFileReference; explicitFileType = wrapper.cfbundle; includeInIndex = 0; path = "Fetch ChefTests.xctest"; sourceTree = BUILT_PRODUCTS_DIR; };
		207E89442A3FFCEE00A11F04 /* Fetch_ChefTests.swift */ = {isa = PBXFileReference; lastKnownFileType = sourcecode.swift; path = Fetch_ChefTests.swift; sourceTree = "<group>"; };
		207E894A2A3FFCEE00A11F04 /* Fetch ChefUITests.xctest */ = {isa = PBXFileReference; explicitFileType = wrapper.cfbundle; includeInIndex = 0; path = "Fetch ChefUITests.xctest"; sourceTree = BUILT_PRODUCTS_DIR; };
		207E894E2A3FFCEE00A11F04 /* Fetch_ChefUITests.swift */ = {isa = PBXFileReference; lastKnownFileType = sourcecode.swift; path = Fetch_ChefUITests.swift; sourceTree = "<group>"; };
		207E89502A3FFCEE00A11F04 /* Fetch_ChefUITestsLaunchTests.swift */ = {isa = PBXFileReference; lastKnownFileType = sourcecode.swift; path = Fetch_ChefUITestsLaunchTests.swift; sourceTree = "<group>"; };
		207E89672A400B8700A11F04 /* ModelMeal.swift */ = {isa = PBXFileReference; lastKnownFileType = sourcecode.swift; path = ModelMeal.swift; sourceTree = "<group>"; };
/* End PBXFileReference section */

/* Begin PBXFrameworksBuildPhase section */
		207E892D2A3FFCEC00A11F04 /* Frameworks */ = {
			isa = PBXFrameworksBuildPhase;
			buildActionMask = 2147483647;
			files = (
			);
			runOnlyForDeploymentPostprocessing = 0;
		};
		207E893D2A3FFCEE00A11F04 /* Frameworks */ = {
			isa = PBXFrameworksBuildPhase;
			buildActionMask = 2147483647;
			files = (
			);
			runOnlyForDeploymentPostprocessing = 0;
		};
		207E89472A3FFCEE00A11F04 /* Frameworks */ = {
			isa = PBXFrameworksBuildPhase;
			buildActionMask = 2147483647;
			files = (
			);
			runOnlyForDeploymentPostprocessing = 0;
		};
/* End PBXFrameworksBuildPhase section */

/* Begin PBXGroup section */
		207E89272A3FFCEB00A11F04 = {
			isa = PBXGroup;
			children = (
				207E89322A3FFCEC00A11F04 /* Fetch Chef */,
				207E89432A3FFCEE00A11F04 /* Fetch ChefTests */,
				207E894D2A3FFCEE00A11F04 /* Fetch ChefUITests */,
				207E89312A3FFCEC00A11F04 /* Products */,
			);
			sourceTree = "<group>";
		};
		207E89312A3FFCEC00A11F04 /* Products */ = {
			isa = PBXGroup;
			children = (
				207E89302A3FFCEC00A11F04 /* Fetch Chef.app */,
				207E89402A3FFCEE00A11F04 /* Fetch ChefTests.xctest */,
				207E894A2A3FFCEE00A11F04 /* Fetch ChefUITests.xctest */,
			);
			name = Products;
			sourceTree = "<group>";
		};
		207E89322A3FFCEC00A11F04 /* Fetch Chef */ = {
			isa = PBXGroup;
			children = (
				207E89332A3FFCEC00A11F04 /* Fetch_ChefApp.swift */,
				207E89672A400B8700A11F04 /* ModelMeal.swift */,
				207E89352A3FFCEC00A11F04 /* ContentView.swift */,
				207E89372A3FFCEE00A11F04 /* Assets.xcassets */,
			);
			path = "Fetch Chef";
			sourceTree = "<group>";
		};
		207E89432A3FFCEE00A11F04 /* Fetch ChefTests */ = {
			isa = PBXGroup;
			children = (
				207E89442A3FFCEE00A11F04 /* Fetch_ChefTests.swift */,
			);
			path = "Fetch ChefTests";
			sourceTree = "<group>";
		};
		207E894D2A3FFCEE00A11F04 /* Fetch ChefUITests */ = {
			isa = PBXGroup;
			children = (
				207E894E2A3FFCEE00A11F04 /* Fetch_ChefUITests.swift */,
				207E89502A3FFCEE00A11F04 /* Fetch_ChefUITestsLaunchTests.swift */,
			);
			path = "Fetch ChefUITests";
			sourceTree = "<group>";
		};
/* End PBXGroup section */

/* Begin PBXNativeTarget section */
		207E892F2A3FFCEC00A11F04 /* Fetch Chef */ = {
			isa = PBXNativeTarget;
			buildConfigurationList = 207E89542A3FFCEE00A11F04 /* Build configuration list for PBXNativeTarget "Fetch Chef" */;
			buildPhases = (
				207E892C2A3FFCEC00A11F04 /* Sources */,
				207E892D2A3FFCEC00A11F04 /* Frameworks */,
				207E892E2A3FFCEC00A11F04 /* Resources */,
			);
			buildRules = (
			);
			dependencies = (
			);
			name = "Fetch Chef";
			productName = "Fetch Chef";
			productReference = 207E89302A3FFCEC00A11F04 /* Fetch Chef.app */;
			productType = "com.apple.product-type.application";
		};
		207E893F2A3FFCEE00A11F04 /* Fetch ChefTests */ = {
			isa = PBXNativeTarget;
			buildConfigurationList = 207E89572A3FFCEE00A11F04 /* Build configuration list for PBXNativeTarget "Fetch ChefTests" */;
			buildPhases = (
				207E893C2A3FFCEE00A11F04 /* Sources */,
				207E893D2A3FFCEE00A11F04 /* Frameworks */,
				207E893E2A3FFCEE00A11F04 /* Resources */,
			);
			buildRules = (
			);
			dependencies = (
				207E89422A3FFCEE00A11F04 /* PBXTargetDependency */,
			);
			name = "Fetch ChefTests";
			productName = "Fetch ChefTests";
			productReference = 207E89402A3FFCEE00A11F04 /* Fetch ChefTests.xctest */;
			productType = "com.apple.product-type.bundle.unit-test";
		};
		207E89492A3FFCEE00A11F04 /* Fetch ChefUITests */ = {
			isa = PBXNativeTarget;
			buildConfigurationList = 207E895A2A3FFCEE00A11F04 /* Build configuration list for PBXNativeTarget "Fetch ChefUITests" */;
			buildPhases = (
				207E89462A3FFCEE00A11F04 /* Sources */,
				207E89472A3FFCEE00A11F04 /* Frameworks */,
				207E89482A3FFCEE00A11F04 /* Resources */,
			);
			buildRules = (
			);
			dependencies = (
				207E894C2A3FFCEE00A11F04 /* PBXTargetDependency */,
			);
			name = "Fetch ChefUITests";
			productName = "Fetch ChefUITests";
			productReference = 207E894A2A3FFCEE00A11F04 /* Fetch ChefUITests.xctest */;
			productType = "com.apple.product-type.bundle.ui-testing";
		};
/* End PBXNativeTarget section */

/* Begin PBXProject section */
		207E89282A3FFCEB00A11F04 /* Project object */ = {
			isa = PBXProject;
			attributes = {
				BuildIndependentTargetsInParallel = 1;
				LastSwiftUpdateCheck = 1430;
				LastUpgradeCheck = 1430;
				TargetAttributes = {
					207E892F2A3FFCEC00A11F04 = {
						CreatedOnToolsVersion = 14.3.1;
					};
					207E893F2A3FFCEE00A11F04 = {
						CreatedOnToolsVersion = 14.3.1;
						TestTargetID = 207E892F2A3FFCEC00A11F04;
					};
					207E89492A3FFCEE00A11F04 = {
						CreatedOnToolsVersion = 14.3.1;
						TestTargetID = 207E892F2A3FFCEC00A11F04;
					};
				};
			};
			buildConfigurationList = 207E892B2A3FFCEC00A11F04 /* Build configuration list for PBXProject "Fetch Chef" */;
			compatibilityVersion = "Xcode 14.0";
			developmentRegion = en;
			hasScannedForEncodings = 0;
			knownRegions = (
				en,
				Base,
			);
			mainGroup = 207E89272A3FFCEB00A11F04;
			productRefGroup = 207E89312A3FFCEC00A11F04 /* Products */;
			projectDirPath = "";
			projectRoot = "";
			targets = (
				207E892F2A3FFCEC00A11F04 /* Fetch Chef */,
				207E893F2A3FFCEE00A11F04 /* Fetch ChefTests */,
				207E89492A3FFCEE00A11F04 /* Fetch ChefUITests */,
			);
		};
/* End PBXProject section */

/* Begin PBXResourcesBuildPhase section */
		207E892E2A3FFCEC00A11F04 /* Resources */ = {
			isa = PBXResourcesBuildPhase;
			buildActionMask = 2147483647;
			files = (
				207E89382A3FFCEE00A11F04 /* Assets.xcassets in Resources */,
			);
			runOnlyForDeploymentPostprocessing = 0;
		};
		207E893E2A3FFCEE00A11F04 /* Resources */ = {
			isa = PBXResourcesBuildPhase;
			buildActionMask = 2147483647;
			files = (
			);
			runOnlyForDeploymentPostprocessing = 0;
		};
		207E89482A3FFCEE00A11F04 /* Resources */ = {
			isa = PBXResourcesBuildPhase;
			buildActionMask = 2147483647;
			files = (
			);
			runOnlyForDeploymentPostprocessing = 0;
		};
/* End PBXResourcesBuildPhase section */

/* Begin PBXSourcesBuildPhase section */
		207E892C2A3FFCEC00A11F04 /* Sources */ = {
			isa = PBXSourcesBuildPhase;
			buildActionMask = 2147483647;
			files = (
				207E89362A3FFCEC00A11F04 /* ContentView.swift in Sources */,
				207E89682A400B8700A11F04 /* ModelMeal.swift in Sources */,
				207E89342A3FFCEC00A11F04 /* Fetch_ChefApp.swift in Sources */,
			);
			runOnlyForDeploymentPostprocessing = 0;
		};
		207E893C2A3FFCEE00A11F04 /* Sources */ = {
			isa = PBXSourcesBuildPhase;
			buildActionMask = 2147483647;
			files = (
				207E89452A3FFCEE00A11F04 /* Fetch_ChefTests.swift in Sources */,
			);
			runOnlyForDeploymentPostprocessing = 0;
		};
		207E89462A3FFCEE00A11F04 /* Sources */ = {
			isa = PBXSourcesBuildPhase;
			buildActionMask = 2147483647;
			files = (
				207E894F2A3FFCEE00A11F04 /* Fetch_ChefUITests.swift in Sources */,
				207E89512A3FFCEE00A11F04 /* Fetch_ChefUITestsLaunchTests.swift in Sources */,
			);
			runOnlyForDeploymentPostprocessing = 0;
		};
/* End PBXSourcesBuildPhase section */

/* Begin PBXTargetDependency section */
		207E89422A3FFCEE00A11F04 /* PBXTargetDependency */ = {
			isa = PBXTargetDependency;
			target = 207E892F2A3FFCEC00A11F04 /* Fetch Chef */;
			targetProxy = 207E89412A3FFCEE00A11F04 /* PBXContainerItemProxy */;
		};
		207E894C2A3FFCEE00A11F04 /* PBXTargetDependency */ = {
			isa = PBXTargetDependency;
			target = 207E892F2A3FFCEC00A11F04 /* Fetch Chef */;
			targetProxy = 207E894B2A3FFCEE00A11F04 /* PBXContainerItemProxy */;
		};
/* End PBXTargetDependency section */

/* Begin XCBuildConfiguration section */
		207E89522A3FFCEE00A11F04 /* Debug */ = {
			isa = XCBuildConfiguration;
			buildSettings = {
				ALWAYS_SEARCH_USER_PATHS = NO;
				CLANG_ANALYZER_NONNULL = YES;
				CLANG_ANALYZER_NUMBER_OBJECT_CONVERSION = YES_AGGRESSIVE;
				CLANG_CXX_LANGUAGE_STANDARD = "gnu++20";
				CLANG_ENABLE_MODULES = YES;
				CLANG_ENABLE_OBJC_ARC = YES;
				CLANG_ENABLE_OBJC_WEAK = YES;
				CLANG_WARN_BLOCK_CAPTURE_AUTORELEASING = YES;
				CLANG_WARN_BOOL_CONVERSION = YES;
				CLANG_WARN_COMMA = YES;
				CLANG_WARN_CONSTANT_CONVERSION = YES;
				CLANG_WARN_DEPRECATED_OBJC_IMPLEMENTATIONS = YES;
				CLANG_WARN_DIRECT_OBJC_ISA_USAGE = YES_ERROR;
				CLANG_WARN_DOCUMENTATION_COMMENTS = YES;
				CLANG_WARN_EMPTY_BODY = YES;
				CLANG_WARN_ENUM_CONVERSION = YES;
				CLANG_WARN_INFINITE_RECURSION = YES;
				CLANG_WARN_INT_CONVERSION = YES;
				CLANG_WARN_NON_LITERAL_NULL_CONVERSION = YES;
				CLANG_WARN_OBJC_IMPLICIT_RETAIN_SELF = YES;
				CLANG_WARN_OBJC_LITERAL_CONVERSION = YES;
				CLANG_WARN_OBJC_ROOT_CLASS = YES_ERROR;
				CLANG_WARN_QUOTED_INCLUDE_IN_FRAMEWORK_HEADER = YES;
				CLANG_WARN_RANGE_LOOP_ANALYSIS = YES;
				CLANG_WARN_STRICT_PROTOTYPES = YES;
				CLANG_WARN_SUSPICIOUS_MOVE = YES;
				CLANG_WARN_UNGUARDED_AVAILABILITY = YES_AGGRESSIVE;
				CLANG_WARN_UNREACHABLE_CODE = YES;
				CLANG_WARN__DUPLICATE_METHOD_MATCH = YES;
				COPY_PHASE_STRIP = NO;
				DEBUG_INFORMATION_FORMAT = dwarf;
				ENABLE_STRICT_OBJC_MSGSEND = YES;
				ENABLE_TESTABILITY = YES;
				GCC_C_LANGUAGE_STANDARD = gnu11;
				GCC_DYNAMIC_NO_PIC = NO;
				GCC_NO_COMMON_BLOCKS = YES;
				GCC_OPTIMIZATION_LEVEL = 0;
				GCC_PREPROCESSOR_DEFINITIONS = (
					"DEBUG=1",
					"$(inherited)",
				);
				GCC_WARN_64_TO_32_BIT_CONVERSION = YES;
				GCC_WARN_ABOUT_RETURN_TYPE = YES_ERROR;
				GCC_WARN_UNDECLARED_SELECTOR = YES;
				GCC_WARN_UNINITIALIZED_AUTOS = YES_AGGRESSIVE;
				GCC_WARN_UNUSED_FUNCTION = YES;
				GCC_WARN_UNUSED_VARIABLE = YES;
				IPHONEOS_DEPLOYMENT_TARGET = 16.4;
				MTL_ENABLE_DEBUG_INFO = INCLUDE_SOURCE;
				MTL_FAST_MATH = YES;
				ONLY_ACTIVE_ARCH = YES;
				SDKROOT = iphoneos;
				SWIFT_ACTIVE_COMPILATION_CONDITIONS = DEBUG;
				SWIFT_OPTIMIZATION_LEVEL = "-Onone";
			};
			name = Debug;
		};
		207E89532A3FFCEE00A11F04 /* Release */ = {
			isa = XCBuildConfiguration;
			buildSettings = {
				ALWAYS_SEARCH_USER_PATHS = NO;
				CLANG_ANALYZER_NONNULL = YES;
				CLANG_ANALYZER_NUMBER_OBJECT_CONVERSION = YES_AGGRESSIVE;
				CLANG_CXX_LANGUAGE_STANDARD = "gnu++20";
				CLANG_ENABLE_MODULES = YES;
				CLANG_ENABLE_OBJC_ARC = YES;
				CLANG_ENABLE_OBJC_WEAK = YES;
				CLANG_WARN_BLOCK_CAPTURE_AUTORELEASING = YES;
				CLANG_WARN_BOOL_CONVERSION = YES;
				CLANG_WARN_COMMA = YES;
				CLANG_WARN_CONSTANT_CONVERSION = YES;
				CLANG_WARN_DEPRECATED_OBJC_IMPLEMENTATIONS = YES;
				CLANG_WARN_DIRECT_OBJC_ISA_USAGE = YES_ERROR;
				CLANG_WARN_DOCUMENTATION_COMMENTS = YES;
				CLANG_WARN_EMPTY_BODY = YES;
				CLANG_WARN_ENUM_CONVERSION = YES;
				CLANG_WARN_INFINITE_RECURSION = YES;
				CLANG_WARN_INT_CONVERSION = YES;
				CLANG_WARN_NON_LITERAL_NULL_CONVERSION = YES;
				CLANG_WARN_OBJC_IMPLICIT_RETAIN_SELF = YES;
				CLANG_WARN_OBJC_LITERAL_CONVERSION = YES;
				CLANG_WARN_OBJC_ROOT_CLASS = YES_ERROR;
				CLANG_WARN_QUOTED_INCLUDE_IN_FRAMEWORK_HEADER = YES;
				CLANG_WARN_RANGE_LOOP_ANALYSIS = YES;
				CLANG_WARN_STRICT_PROTOTYPES = YES;
				CLANG_WARN_SUSPICIOUS_MOVE = YES;
				CLANG_WARN_UNGUARDED_AVAILABILITY = YES_AGGRESSIVE;
				CLANG_WARN_UNREACHABLE_CODE = YES;
				CLANG_WARN__DUPLICATE_METHOD_MATCH = YES;
				COPY_PHASE_STRIP = NO;
				DEBUG_INFORMATION_FORMAT = "dwarf-with-dsym";
				ENABLE_NS_ASSERTIONS = NO;
				ENABLE_STRICT_OBJC_MSGSEND = YES;
				GCC_C_LANGUAGE_STANDARD = gnu11;
				GCC_NO_COMMON_BLOCKS = YES;
				GCC_WARN_64_TO_32_BIT_CONVERSION = YES;
				GCC_WARN_ABOUT_RETURN_TYPE = YES_ERROR;
				GCC_WARN_UNDECLARED_SELECTOR = YES;
				GCC_WARN_UNINITIALIZED_AUTOS = YES_AGGRESSIVE;
				GCC_WARN_UNUSED_FUNCTION = YES;
				GCC_WARN_UNUSED_VARIABLE = YES;
				IPHONEOS_DEPLOYMENT_TARGET = 16.4;
				MTL_ENABLE_DEBUG_INFO = NO;
				MTL_FAST_MATH = YES;
				SDKROOT = iphoneos;
				SWIFT_COMPILATION_MODE = wholemodule;
				SWIFT_OPTIMIZATION_LEVEL = "-O";
				VALIDATE_PRODUCT = YES;
			};
			name = Release;
		};
		207E89552A3FFCEE00A11F04 /* Debug */ = {
			isa = XCBuildConfiguration;
			buildSettings = {
				ASSETCATALOG_COMPILER_APPICON_NAME = AppIcon;
				ASSETCATALOG_COMPILER_GLOBAL_ACCENT_COLOR_NAME = AccentColor;
				CODE_SIGN_STYLE = Automatic;
				CURRENT_PROJECT_VERSION = 1;
				DEVELOPMENT_ASSET_PATHS = "\"Fetch Chef/Preview Content\"";
				ENABLE_PREVIEWS = YES;
				GENERATE_INFOPLIST_FILE = YES;
				INFOPLIST_KEY_UIApplicationSceneManifest_Generation = YES;
				INFOPLIST_KEY_UIApplicationSupportsIndirectInputEvents = YES;
				INFOPLIST_KEY_UILaunchScreen_Generation = YES;
				INFOPLIST_KEY_UISupportedInterfaceOrientations_iPad = "UIInterfaceOrientationPortrait UIInterfaceOrientationPortraitUpsideDown UIInterfaceOrientationLandscapeLeft UIInterfaceOrientationLandscapeRight";
				INFOPLIST_KEY_UISupportedInterfaceOrientations_iPhone = "UIInterfaceOrientationPortrait UIInterfaceOrientationLandscapeLeft UIInterfaceOrientationLandscapeRight";
				LD_RUNPATH_SEARCH_PATHS = (
					"$(inherited)",
					"@executable_path/Frameworks",
				);
				MARKETING_VERSION = 1.0;
				PRODUCT_BUNDLE_IDENTIFIER = "AimeeNguyen.Fetch-Chef";
				PRODUCT_NAME = "$(TARGET_NAME)";
				SWIFT_EMIT_LOC_STRINGS = YES;
				SWIFT_VERSION = 5.0;
				TARGETED_DEVICE_FAMILY = "1,2";
			};
			name = Debug;
		};
		207E89562A3FFCEE00A11F04 /* Release */ = {
			isa = XCBuildConfiguration;
			buildSettings = {
				ASSETCATALOG_COMPILER_APPICON_NAME = AppIcon;
				ASSETCATALOG_COMPILER_GLOBAL_ACCENT_COLOR_NAME = AccentColor;
				CODE_SIGN_STYLE = Automatic;
				CURRENT_PROJECT_VERSION = 1;
				DEVELOPMENT_ASSET_PATHS = "\"Fetch Chef/Preview Content\"";
				ENABLE_PREVIEWS = YES;
				GENERATE_INFOPLIST_FILE = YES;
				INFOPLIST_KEY_UIApplicationSceneManifest_Generation = YES;
				INFOPLIST_KEY_UIApplicationSupportsIndirectInputEvents = YES;
				INFOPLIST_KEY_UILaunchScreen_Generation = YES;
				INFOPLIST_KEY_UISupportedInterfaceOrientations_iPad = "UIInterfaceOrientationPortrait UIInterfaceOrientationPortraitUpsideDown UIInterfaceOrientationLandscapeLeft UIInterfaceOrientationLandscapeRight";
				INFOPLIST_KEY_UISupportedInterfaceOrientations_iPhone = "UIInterfaceOrientationPortrait UIInterfaceOrientationLandscapeLeft UIInterfaceOrientationLandscapeRight";
				LD_RUNPATH_SEARCH_PATHS = (
					"$(inherited)",
					"@executable_path/Frameworks",
				);
				MARKETING_VERSION = 1.0;
				PRODUCT_BUNDLE_IDENTIFIER = "AimeeNguyen.Fetch-Chef";
				PRODUCT_NAME = "$(TARGET_NAME)";
				SWIFT_EMIT_LOC_STRINGS = YES;
				SWIFT_VERSION = 5.0;
				TARGETED_DEVICE_FAMILY = "1,2";
			};
			name = Release;
		};
		207E89582A3FFCEE00A11F04 /* Debug */ = {
			isa = XCBuildConfiguration;
			buildSettings = {
				ALWAYS_EMBED_SWIFT_STANDARD_LIBRARIES = YES;
				BUNDLE_LOADER = "$(TEST_HOST)";
				CODE_SIGN_STYLE = Automatic;
				CURRENT_PROJECT_VERSION = 1;
				GENERATE_INFOPLIST_FILE = YES;
				IPHONEOS_DEPLOYMENT_TARGET = 16.4;
				MARKETING_VERSION = 1.0;
				PRODUCT_BUNDLE_IDENTIFIER = "AimeeNguyen.Fetch-ChefTests";
				PRODUCT_NAME = "$(TARGET_NAME)";
				SWIFT_EMIT_LOC_STRINGS = NO;
				SWIFT_VERSION = 5.0;
				TARGETED_DEVICE_FAMILY = "1,2";
				TEST_HOST = "$(BUILT_PRODUCTS_DIR)/Fetch Chef.app/$(BUNDLE_EXECUTABLE_FOLDER_PATH)/Fetch Chef";
			};
			name = Debug;
		};
		207E89592A3FFCEE00A11F04 /* Release */ = {
			isa = XCBuildConfiguration;
			buildSettings = {
				ALWAYS_EMBED_SWIFT_STANDARD_LIBRARIES = YES;
				BUNDLE_LOADER = "$(TEST_HOST)";
				CODE_SIGN_STYLE = Automatic;
				CURRENT_PROJECT_VERSION = 1;
				GENERATE_INFOPLIST_FILE = YES;
				IPHONEOS_DEPLOYMENT_TARGET = 16.4;
				MARKETING_VERSION = 1.0;
				PRODUCT_BUNDLE_IDENTIFIER = "AimeeNguyen.Fetch-ChefTests";
				PRODUCT_NAME = "$(TARGET_NAME)";
				SWIFT_EMIT_LOC_STRINGS = NO;
				SWIFT_VERSION = 5.0;
				TARGETED_DEVICE_FAMILY = "1,2";
				TEST_HOST = "$(BUILT_PRODUCTS_DIR)/Fetch Chef.app/$(BUNDLE_EXECUTABLE_FOLDER_PATH)/Fetch Chef";
			};
			name = Release;
		};
		207E895B2A3FFCEE00A11F04 /* Debug */ = {
			isa = XCBuildConfiguration;
			buildSettings = {
				ALWAYS_EMBED_SWIFT_STANDARD_LIBRARIES = YES;
				CODE_SIGN_STYLE = Automatic;
				CURRENT_PROJECT_VERSION = 1;
				GENERATE_INFOPLIST_FILE = YES;
				MARKETING_VERSION = 1.0;
				PRODUCT_BUNDLE_IDENTIFIER = "AimeeNguyen.Fetch-ChefUITests";
				PRODUCT_NAME = "$(TARGET_NAME)";
				SWIFT_EMIT_LOC_STRINGS = NO;
				SWIFT_VERSION = 5.0;
				TARGETED_DEVICE_FAMILY = "1,2";
				TEST_TARGET_NAME = "Fetch Chef";
			};
			name = Debug;
		};
		207E895C2A3FFCEE00A11F04 /* Release */ = {
			isa = XCBuildConfiguration;
			buildSettings = {
				ALWAYS_EMBED_SWIFT_STANDARD_LIBRARIES = YES;
				CODE_SIGN_STYLE = Automatic;
				CURRENT_PROJECT_VERSION = 1;
				GENERATE_INFOPLIST_FILE = YES;
				MARKETING_VERSION = 1.0;
				PRODUCT_BUNDLE_IDENTIFIER = "AimeeNguyen.Fetch-ChefUITests";
				PRODUCT_NAME = "$(TARGET_NAME)";
				SWIFT_EMIT_LOC_STRINGS = NO;
				SWIFT_VERSION = 5.0;
				TARGETED_DEVICE_FAMILY = "1,2";
				TEST_TARGET_NAME = "Fetch Chef";
			};
			name = Release;
		};
/* End XCBuildConfiguration section */

/* Begin XCConfigurationList section */
		207E892B2A3FFCEC00A11F04 /* Build configuration list for PBXProject "Fetch Chef" */ = {
			isa = XCConfigurationList;
			buildConfigurations = (
				207E89522A3FFCEE00A11F04 /* Debug */,
				207E89532A3FFCEE00A11F04 /* Release */,
			);
			defaultConfigurationIsVisible = 0;
			defaultConfigurationName = Release;
		};
		207E89542A3FFCEE00A11F04 /* Build configuration list for PBXNativeTarget "Fetch Chef" */ = {
			isa = XCConfigurationList;
			buildConfigurations = (
				207E89552A3FFCEE00A11F04 /* Debug */,
				207E89562A3FFCEE00A11F04 /* Release */,
			);
			defaultConfigurationIsVisible = 0;
			defaultConfigurationName = Release;
		};
		207E89572A3FFCEE00A11F04 /* Build configuration list for PBXNativeTarget "Fetch ChefTests" */ = {
			isa = XCConfigurationList;
			buildConfigurations = (
				207E89582A3FFCEE00A11F04 /* Debug */,
				207E89592A3FFCEE00A11F04 /* Release */,
			);
			defaultConfigurationIsVisible = 0;
			defaultConfigurationName = Release;
		};
		207E895A2A3FFCEE00A11F04 /* Build configuration list for PBXNativeTarget "Fetch ChefUITests" */ = {
			isa = XCConfigurationList;
			buildConfigurations = (
				207E895B2A3FFCEE00A11F04 /* Debug */,
				207E895C2A3FFCEE00A11F04 /* Release */,
			);
			defaultConfigurationIsVisible = 0;
			defaultConfigurationName = Release;
		};
/* End XCConfigurationList section */
	};
	rootObject = 207E89282A3FFCEB00A11F04 /* Project object */;
}
